
Microsoft Visual Studio Solution File, Format Version 12.00
# Visual Studio Version 17
VisualStudioVersion = 17.4.33205.214
MinimumVisualStudioVersion = 10.0.40219.1
Project("{FAE04EC0-301F-11D3-BF4B-00C04F79EFBC}") = "Ejercicios csharp", "Ejercicios csharp\Ejercicios csharp.csproj", "{F65360D6-714A-4CD2-A1D0-1796094476B6}"
EndProject
Global
	GlobalSection(SolutionConfigurationPlatforms) = preSolution
		Debug|Any CPU = Debug|Any CPU
		Release|Any CPU = Release|Any CPU
	EndGlobalSection
	GlobalSection(ProjectConfigurationPlatforms) = postSolution
		{F65360D6-714A-4CD2-A1D0-1796094476B6}.Debug|Any CPU.ActiveCfg = Debug|Any CPU
		{F65360D6-714A-4CD2-A1D0-1796094476B6}.Debug|Any CPU.Build.0 = Debug|Any CPU
		{F65360D6-714A-4CD2-A1D0-1796094476B6}.Release|Any CPU.ActiveCfg = Release|Any CPU
		{F65360D6-714A-4CD2-A1D0-1796094476B6}.Release|Any CPU.Build.0 = Release|Any CPU
	EndGlobalSection
	GlobalSection(SolutionProperties) = preSolution
		HideSolutionNode = FALSE
	EndGlobalSection
	GlobalSection(ExtensibilityGlobals) = postSolution
		SolutionGuid = {D119B96A-FD7A-439B-AF2E-C9949DDDCBC7}
	EndGlobalSection
EndGlobal
